// !$*UTF8*$!
{
	archiveVersion = 1;
	classes = {
	};
	objectVersion = 46;
	objects = {

/* Begin PBXBuildFile section */
		B8AE74491F74BD96001328BA /* AppDelegate.swift in Sources */ = {isa = PBXBuildFile; fileRef = B8AE74481F74BD96001328BA /* AppDelegate.swift */; };
		B8AE744B1F74BD96001328BA /* ViewController.swift in Sources */ = {isa = PBXBuildFile; fileRef = B8AE744A1F74BD96001328BA /* ViewController.swift */; };
		B8AE74501F74BD96001328BA /* Assets.xcassets in Resources */ = {isa = PBXBuildFile; fileRef = B8AE744F1F74BD96001328BA /* Assets.xcassets */; };
		B8AE74531F74BD96001328BA /* LaunchScreen.storyboard in Resources */ = {isa = PBXBuildFile; fileRef = B8AE74511F74BD96001328BA /* LaunchScreen.storyboard */; };
		B8AE745F1F750A7D001328BA /* PageViewController.swift in Sources */ = {isa = PBXBuildFile; fileRef = B8AE745E1F750A7D001328BA /* PageViewController.swift */; };
/* End PBXBuildFile section */

/* Begin PBXFileReference section */
		B8AE74451F74BD96001328BA /* 01-dailyProjects-pageViewController.app */ = {isa = PBXFileReference; explicitFileType = wrapper.application; includeInIndex = 0; path = "01-dailyProjects-pageViewController.app"; sourceTree = BUILT_PRODUCTS_DIR; };
		B8AE74481F74BD96001328BA /* AppDelegate.swift */ = {isa = PBXFileReference; lastKnownFileType = sourcecode.swift; path = AppDelegate.swift; sourceTree = "<group>"; };
		B8AE744A1F74BD96001328BA /* ViewController.swift */ = {isa = PBXFileReference; lastKnownFileType = sourcecode.swift; path = ViewController.swift; sourceTree = "<group>"; };
		B8AE744F1F74BD96001328BA /* Assets.xcassets */ = {isa = PBXFileReference; lastKnownFileType = folder.assetcatalog; path = Assets.xcassets; sourceTree = "<group>"; };
		B8AE74521F74BD96001328BA /* Base */ = {isa = PBXFileReference; lastKnownFileType = file.storyboard; name = Base; path = Base.lproj/LaunchScreen.storyboard; sourceTree = "<group>"; };
		B8AE74541F74BD96001328BA /* Info.plist */ = {isa = PBXFileReference; lastKnownFileType = text.plist.xml; path = Info.plist; sourceTree = "<group>"; };
		B8AE745E1F750A7D001328BA /* PageViewController.swift */ = {isa = PBXFileReference; fileEncoding = 4; lastKnownFileType = sourcecode.swift; path = PageViewController.swift; sourceTree = "<group>"; };
/* End PBXFileReference section */

/* Begin PBXFrameworksBuildPhase section */
		B8AE74421F74BD96001328BA /* Frameworks */ = {
			isa = PBXFrameworksBuildPhase;
			buildActionMask = 2147483647;
			files = (
			);
			runOnlyForDeploymentPostprocessing = 0;
		};
/* End PBXFrameworksBuildPhase section */

/* Begin PBXGroup section */
		B8AE743C1F74BD96001328BA = {
			isa = PBXGroup;
			children = (
				B8AE74471F74BD96001328BA /* 01-dailyProjects-pageViewController */,
				B8AE74461F74BD96001328BA /* Products */,
			);
			sourceTree = "<group>";
		};
		B8AE74461F74BD96001328BA /* Products */ = {
			isa = PBXGroup;
			children = (
				B8AE74451F74BD96001328BA /* 01-dailyProjects-pageViewController.app */,
			);
			name = Products;
			sourceTree = "<group>";
		};
		B8AE74471F74BD96001328BA /* 01-dailyProjects-pageViewController */ = {
			isa = PBXGroup;
			children = (
				B8AE74481F74BD96001328BA /* AppDelegate.swift */,
				B8AE744A1F74BD96001328BA /* ViewController.swift */,
				B8AE744F1F74BD96001328BA /* Assets.xcassets */,
				B8AE74511F74BD96001328BA /* LaunchScreen.storyboard */,
				B8AE74541F74BD96001328BA /* Info.plist */,
				B8AE745E1F750A7D001328BA /* PageViewController.swift */,
			);
			path = "01-dailyProjects-pageViewController";
			sourceTree = "<group>";
		};
/* End PBXGroup section */

/* Begin PBXNativeTarget section */
		B8AE74441F74BD96001328BA /* 01-dailyProjects-pageViewController */ = {
			isa = PBXNativeTarget;
			buildConfigurationList = B8AE74571F74BD96001328BA /* Build configuration list for PBXNativeTarget "01-dailyProjects-pageViewController" */;
			buildPhases = (
				B8AE74411F74BD96001328BA /* Sources */,
				B8AE74421F74BD96001328BA /* Frameworks */,
				B8AE74431F74BD96001328BA /* Resources */,
			);
			buildRules = (
			);
			dependencies = (
			);
			name = "01-dailyProjects-pageViewController";
			productName = "01-dailyProjects-pageViewController";
			productReference = B8AE74451F74BD96001328BA /* 01-dailyProjects-pageViewController.app */;
			productType = "com.apple.product-type.application";
		};
/* End PBXNativeTarget section */

/* Begin PBXProject section */
		B8AE743D1F74BD96001328BA /* Project object */ = {
			isa = PBXProject;
			attributes = {
				LastSwiftUpdateCheck = 0830;
				LastUpgradeCheck = 0830;
				ORGANIZATIONNAME = "Andrews Frempong";
				TargetAttributes = {
					B8AE74441F74BD96001328BA = {
						CreatedOnToolsVersion = 8.3.3;
						ProvisioningStyle = Automatic;
					};
				};
			};
			buildConfigurationList = B8AE74401F74BD96001328BA /* Build configuration list for PBXProject "01-dailyProjects-pageViewController" */;
			compatibilityVersion = "Xcode 3.2";
			developmentRegion = English;
			hasScannedForEncodings = 0;
			knownRegions = (
				en,
				Base,
			);
			mainGroup = B8AE743C1F74BD96001328BA;
			productRefGroup = B8AE74461F74BD96001328BA /* Products */;
			projectDirPath = "";
			projectRoot = "";
			targets = (
				B8AE74441F74BD96001328BA /* 01-dailyProjects-pageViewController */,
			);
		};
/* End PBXProject section */

/* Begin PBXResourcesBuildPhase section */
		B8AE74431F74BD96001328BA /* Resources */ = {
			isa = PBXResourcesBuildPhase;
			buildActionMask = 2147483647;
			files = (
				B8AE74531F74BD96001328BA /* LaunchScreen.storyboard in Resources */,
				B8AE74501F74BD96001328BA /* Assets.xcassets in Resources */,
			);
			runOnlyForDeploymentPostprocessing = 0;
		};
/* End PBXResourcesBuildPhase section */

/* Begin PBXSourcesBuildPhase section */
		B8AE74411F74BD96001328BA /* Sources */ = {
			isa = PBXSourcesBuildPhase;
			buildActionMask = 2147483647;
			files = (
				B8AE745F1F750A7D001328BA /* PageViewController.swift in Sources */,
				B8AE744B1F74BD96001328BA /* ViewController.swift in Sources */,
				B8AE74491F74BD96001328BA /* AppDelegate.swift in Sources */,
			);
			runOnlyForDeploymentPostprocessing = 0;
		};
/* End PBXSourcesBuildPhase section */

/* Begin PBXVariantGroup section */
		B8AE74511F74BD96001328BA /* LaunchScreen.storyboard */ = {
			isa = PBXVariantGroup;
			children = (
				B8AE74521F74BD96001328BA /* Base */,
			);
			name = LaunchScreen.storyboard;
			sourceTree = "<group>";
		};
/* End PBXVariantGroup section */

/* Begin XCBuildConfiguration section */
		B8AE74551F74BD96001328BA /* Debug */ = {
			isa = XCBuildConfiguration;
			buildSettings = {
				ALWAYS_SEARCH_USER_PATHS = NO;
				CLANG_ANALYZER_NONNULL = YES;
				CLANG_ANALYZER_NUMBER_OBJECT_CONVERSION = YES_AGGRESSIVE;
				CLANG_CXX_LANGUAGE_STANDARD = "gnu++0x";
				CLANG_CXX_LIBRARY = "libc++";
				CLANG_ENABLE_MODULES = YES;
				CLANG_ENABLE_OBJC_ARC = YES;
				CLANG_WARN_BOOL_CONVERSION = YES;
				CLANG_WARN_CONSTANT_CONVERSION = YES;
				CLANG_WARN_DIRECT_OBJC_ISA_USAGE = YES_ERROR;
				CLANG_WARN_DOCUMENTATION_COMMENTS = YES;
				CLANG_WARN_EMPTY_BODY = YES;
				CLANG_WARN_ENUM_CONVERSION = YES;
				CLANG_WARN_INFINITE_RECURSION = YES;
				CLANG_WARN_INT_CONVERSION = YES;
				CLANG_WARN_OBJC_ROOT_CLASS = YES_ERROR;
				CLANG_WARN_SUSPICIOUS_MOVE = YES;
				CLANG_WARN_UNREACHABLE_CODE = YES;
				CLANG_WARN__DUPLICATE_METHOD_MATCH = YES;
				"CODE_SIGN_IDENTITY[sdk=iphoneos*]" = "iPhone Developer";
				COPY_PHASE_STRIP = NO;
				DEBUG_INFORMATION_FORMAT = dwarf;
				ENABLE_STRICT_OBJC_MSGSEND = YES;
				ENABLE_TESTABILITY = YES;
				GCC_C_LANGUAGE_STANDARD = gnu99;
				GCC_DYNAMIC_NO_PIC = NO;
				GCC_NO_COMMON_BLOCKS = YES;
				GCC_OPTIMIZATION_LEVEL = 0;
				GCC_PREPROCESSOR_DEFINITIONS = (
					"DEBUG=1",
					"$(inherited)",
				);
				GCC_WARN_64_TO_32_BIT_CONVERSION = YES;
				GCC_WARN_ABOUT_RETURN_TYPE = YES_ERROR;
				GCC_WARN_UNDECLARED_SELECTOR = YES;
				GCC_WARN_UNINITIALIZED_AUTOS = YES_AGGRESSIVE;
				GCC_WARN_UNUSED_FUNCTION = YES;
				GCC_WARN_UNUSED_VARIABLE = YES;
				IPHONEOS_DEPLOYMENT_TARGET = 10.3;
				MTL_ENABLE_DEBUG_INFO = YES;
				ONLY_ACTIVE_ARCH = YES;
				SDKROOT = iphoneos;
				SWIFT_ACTIVE_COMPILATION_CONDITIONS = DEBUG;
				SWIFT_OPTIMIZATION_LEVEL = "-Onone";
				TARGETED_DEVICE_FAMILY = "1,2";
			};
			name = Debug;
		};
		B8AE74561F74BD96001328BA /* Release */ = {
			isa = XCBuildConfiguration;
			buildSettings = {
				ALWAYS_SEARCH_USER_PATHS = NO;
				CLANG_ANALYZER_NONNULL = YES;
				CLANG_ANALYZER_NUMBER_OBJECT_CONVERSION = YES_AGGRESSIVE;
				CLANG_CXX_LANGUAGE_STANDARD = "gnu++0x";
				CLANG_CXX_LIBRARY = "libc++";
				CLANG_ENABLE_MODULES = YES;
				CLANG_ENABLE_OBJC_ARC = YES;
				CLANG_WARN_BOOL_CONVERSION = YES;
				CLANG_WARN_CONSTANT_CONVERSION = YES;
				CLANG_WARN_DIRECT_OBJC_ISA_USAGE = YES_ERROR;
				CLANG_WARN_DOCUMENTATION_COMMENTS = YES;
				CLANG_WARN_EMPTY_BODY = YES;
				CLANG_WARN_ENUM_CONVERSION = YES;
				CLANG_WARN_INFINITE_RECURSION = YES;
				CLANG_WARN_INT_CONVERSION = YES;
				CLANG_WARN_OBJC_ROOT_CLASS = YES_ERROR;
				CLANG_WARN_SUSPICIOUS_MOVE = YES;
				CLANG_WARN_UNREACHABLE_CODE = YES;
				CLANG_WARN__DUPLICATE_METHOD_MATCH = YES;
				"CODE_SIGN_IDENTITY[sdk=iphoneos*]" = "iPhone Developer";
				COPY_PHASE_STRIP = NO;
				DEBUG_INFORMATION_FORMAT = "dwarf-with-dsym";
				ENABLE_NS_ASSERTIONS = NO;
				ENABLE_STRICT_OBJC_MSGSEND = YES;
				GCC_C_LANGUAGE_STANDARD = gnu99;
				GCC_NO_COMMON_BLOCKS = YES;
				GCC_WARN_64_TO_32_BIT_CONVERSION = YES;
				GCC_WARN_ABOUT_RETURN_TYPE = YES_ERROR;
				GCC_WARN_UNDECLARED_SELECTOR = YES;
				GCC_WARN_UNINITIALIZED_AUTOS = YES_AGGRESSIVE;
				GCC_WARN_UNUSED_FUNCTION = YES;
				GCC_WARN_UNUSED_VARIABLE = YES;
				IPHONEOS_DEPLOYMENT_TARGET = 10.3;
				MTL_ENABLE_DEBUG_INFO = NO;
				SDKROOT = iphoneos;
				SWIFT_OPTIMIZATION_LEVEL = "-Owholemodule";
				TARGETED_DEVICE_FAMILY = "1,2";
				VALIDATE_PRODUCT = YES;
			};
			name = Release;
		};
		B8AE74581F74BD96001328BA /* Debug */ = {
			isa = XCBuildConfiguration;
			buildSettings = {
				ASSETCATALOG_COMPILER_APPICON_NAME = AppIcon;
				INFOPLIST_FILE = "01-dailyProjects-pageViewController/Info.plist";
				LD_RUNPATH_SEARCH_PATHS = "$(inherited) @executable_path/Frameworks";
				PRODUCT_BUNDLE_IDENTIFIER = "com.andrewsfrempong.-1-dailyProjects-pageViewController";
				PRODUCT_NAME = "$(TARGET_NAME)";
				SWIFT_VERSION = 3.0;
			};
			name = Debug;
		};
		B8AE74591F74BD96001328BA /* Release */ = {
			isa = XCBuildConfiguration;
			buildSettings = {
				ASSETCATALOG_COMPILER_APPICON_NAME = AppIcon;
				INFOPLIST_FILE = "01-dailyProjects-pageViewController/Info.plist";
				LD_RUNPATH_SEARCH_PATHS = "$(inherited) @executable_path/Frameworks";
				PRODUCT_BUNDLE_IDENTIFIER = "com.andrewsfrempong.-1-dailyProjects-pageViewController";
				PRODUCT_NAME = "$(TARGET_NAME)";
				SWIFT_VERSION = 3.0;
			};
			name = Release;
		};
/* End XCBuildConfiguration section */

/* Begin XCConfigurationList section */
		B8AE74401F74BD96001328BA /* Build configuration list for PBXProject "01-dailyProjects-pageViewController" */ = {
			isa = XCConfigurationList;
			buildConfigurations = (
				B8AE74551F74BD96001328BA /* Debug */,
				B8AE74561F74BD96001328BA /* Release */,
			);
			defaultConfigurationIsVisible = 0;
			defaultConfigurationName = Release;
		};
		B8AE74571F74BD96001328BA /* Build configuration list for PBXNativeTarget "01-dailyProjects-pageViewController" */ = {
			isa = XCConfigurationList;
			buildConfigurations = (
				B8AE74581F74BD96001328BA /* Debug */,
				B8AE74591F74BD96001328BA /* Release */,
			);
			defaultConfigurationIsVisible = 0;
		};
/* End XCConfigurationList section */
	};
	rootObject = B8AE743D1F74BD96001328BA /* Project object */;
}
